
Microsoft Visual Studio Solution File, Format Version 12.00
# Visual Studio 14
VisualStudioVersion = 14.0.25420.1
MinimumVisualStudioVersion = 10.0.40219.1
Project("{FAE04EC0-301F-11D3-BF4B-00C04F79EFBC}") = "FolderManager", "FolderManager\FolderManager.csproj", "{45600016-49CD-4370-BFF3-725CDBF67A65}"
EndProject
Project("{FAE04EC0-301F-11D3-BF4B-00C04F79EFBC}") = "FolderManagerUnitTest", "FolderManagerUnitTest\FolderManagerUnitTest.csproj", "{8BF072EB-8375-45D1-9DC5-92CD5C31ABDC}"
EndProject
Global
	GlobalSection(SolutionConfigurationPlatforms) = preSolution
		Debug|Any CPU = Debug|Any CPU
		Release|Any CPU = Release|Any CPU
	EndGlobalSection
	GlobalSection(ProjectConfigurationPlatforms) = postSolution
		{45600016-49CD-4370-BFF3-725CDBF67A65}.Debug|Any CPU.ActiveCfg = Debug|Any CPU
		{45600016-49CD-4370-BFF3-725CDBF67A65}.Debug|Any CPU.Build.0 = Debug|Any CPU
		{45600016-49CD-4370-BFF3-725CDBF67A65}.Release|Any CPU.ActiveCfg = Release|Any CPU
		{45600016-49CD-4370-BFF3-725CDBF67A65}.Release|Any CPU.Build.0 = Release|Any CPU
		{8BF072EB-8375-45D1-9DC5-92CD5C31ABDC}.Debug|Any CPU.ActiveCfg = Debug|Any CPU
		{8BF072EB-8375-45D1-9DC5-92CD5C31ABDC}.Debug|Any CPU.Build.0 = Debug|Any CPU
		{8BF072EB-8375-45D1-9DC5-92CD5C31ABDC}.Release|Any CPU.ActiveCfg = Release|Any CPU
		{8BF072EB-8375-45D1-9DC5-92CD5C31ABDC}.Release|Any CPU.Build.0 = Release|Any CPU
	EndGlobalSection
	GlobalSection(SolutionProperties) = preSolution
		HideSolutionNode = FALSE
	EndGlobalSection
EndGlobal
